// !$*UTF8*$!
{
	archiveVersion = 1;
	classes = {
	};
	objectVersion = 48;
	objects = {

/* Begin PBXBuildFile section */
		11654EC5B530482DF630A81E /* Pods_TheCloudLockTests.framework in Frameworks */ = {isa = PBXBuildFile; fileRef = 5AAA912C5DB61791C06A29B6 /* Pods_TheCloudLockTests.framework */; };
		2A1DD4DF1F389C2200712195 /* DeeplinkHandler.swift in Sources */ = {isa = PBXBuildFile; fileRef = 2A1DD4DE1F389C2200712195 /* DeeplinkHandler.swift */; };
		2A1DD4E11F389E2100712195 /* NotificationsHandler.swift in Sources */ = {isa = PBXBuildFile; fileRef = 2A1DD4E01F389E2100712195 /* NotificationsHandler.swift */; };
		2A1E77371F384BFC006C84D4 /* AppDelegate.swift in Sources */ = {isa = PBXBuildFile; fileRef = 2A1E77361F384BFC006C84D4 /* AppDelegate.swift */; };
		2A1E773E1F384BFD006C84D4 /* Assets.xcassets in Resources */ = {isa = PBXBuildFile; fileRef = 2A1E773D1F384BFD006C84D4 /* Assets.xcassets */; };
		2A1E77411F384BFD006C84D4 /* LaunchScreen.storyboard in Resources */ = {isa = PBXBuildFile; fileRef = 2A1E773F1F384BFD006C84D4 /* LaunchScreen.storyboard */; };
		2A9222821F38797600A648E6 /* ConfigurationManager.swift in Sources */ = {isa = PBXBuildFile; fileRef = 2A9222811F38797600A648E6 /* ConfigurationManager.swift */; };
		2ABEE6D41F38856A00531205 /* Configuration.plist in Resources */ = {isa = PBXBuildFile; fileRef = 2ABEE6D31F38828A00531205 /* Configuration.plist */; };
		2ABEE6D61F3886D700531205 /* RootRouter.swift in Sources */ = {isa = PBXBuildFile; fileRef = 2ABEE6D51F3886D700531205 /* RootRouter.swift */; };
		2F15FBE323DD1CE3000F5184 /* Responses.swift in Sources */ = {isa = PBXBuildFile; fileRef = 2F15FBE223DD1CE3000F5184 /* Responses.swift */; };
		2F15FBE723DD36E3000F5184 /* UIViewController+.swift in Sources */ = {isa = PBXBuildFile; fileRef = 2F15FBE623DD36E3000F5184 /* UIViewController+.swift */; };
		2F15FBEA23DDEF20000F5184 /* CredentialsWorker.swift in Sources */ = {isa = PBXBuildFile; fileRef = 2F15FBE923DDEF20000F5184 /* CredentialsWorker.swift */; };
		2F15FBEC23DDF27A000F5184 /* Credential.swift in Sources */ = {isa = PBXBuildFile; fileRef = 2F15FBEB23DDF27A000F5184 /* Credential.swift */; };
		2F15FBF323DE066F000F5184 /* DetailPresenter.swift in Sources */ = {isa = PBXBuildFile; fileRef = 2F15FBED23DE066F000F5184 /* DetailPresenter.swift */; };
		2F15FBF523DE066F000F5184 /* DetailRouter.swift in Sources */ = {isa = PBXBuildFile; fileRef = 2F15FBEF23DE066F000F5184 /* DetailRouter.swift */; };
		2F15FBF623DE066F000F5184 /* DetailModels.swift in Sources */ = {isa = PBXBuildFile; fileRef = 2F15FBF023DE066F000F5184 /* DetailModels.swift */; };
		2F15FBF723DE066F000F5184 /* DetailController.swift in Sources */ = {isa = PBXBuildFile; fileRef = 2F15FBF123DE066F000F5184 /* DetailController.swift */; };
		2F15FBF823DE066F000F5184 /* DetailInteractor.swift in Sources */ = {isa = PBXBuildFile; fileRef = 2F15FBF223DE066F000F5184 /* DetailInteractor.swift */; };
		2F15FBFE23DE1A18000F5184 /* DetailTableView.swift in Sources */ = {isa = PBXBuildFile; fileRef = 2F15FBFD23DE1A18000F5184 /* DetailTableView.swift */; };
		2F15FC0023DE1D6F000F5184 /* DetailWorker.swift in Sources */ = {isa = PBXBuildFile; fileRef = 2F15FBFF23DE1D6F000F5184 /* DetailWorker.swift */; };
		2F15FC1223DE4DC6000F5184 /* ListViewControllerTests.swift in Sources */ = {isa = PBXBuildFile; fileRef = 2F15FC0E23DE4DC6000F5184 /* ListViewControllerTests.swift */; };
		2F15FC1323DE4DC6000F5184 /* ListInteractorTests.swift in Sources */ = {isa = PBXBuildFile; fileRef = 2F15FC0F23DE4DC6000F5184 /* ListInteractorTests.swift */; };
		2F15FC1523DE4DC6000F5184 /* ListPresenterTests.swift in Sources */ = {isa = PBXBuildFile; fileRef = 2F15FC1123DE4DC6000F5184 /* ListPresenterTests.swift */; };
		2F15FC1C23DE9D23000F5184 /* DetailViewControllerTests.swift in Sources */ = {isa = PBXBuildFile; fileRef = 2F15FC1823DE9D23000F5184 /* DetailViewControllerTests.swift */; };
		2F15FC1D23DE9D23000F5184 /* DetailInteractorTests.swift in Sources */ = {isa = PBXBuildFile; fileRef = 2F15FC1923DE9D23000F5184 /* DetailInteractorTests.swift */; };
		2F15FC1F23DE9D23000F5184 /* DetailPresenterTests.swift in Sources */ = {isa = PBXBuildFile; fileRef = 2F15FC1B23DE9D23000F5184 /* DetailPresenterTests.swift */; };
		2F15FC2123DEA0CD000F5184 /* CloudLockAPIDummy.swift in Sources */ = {isa = PBXBuildFile; fileRef = 2F15FC2023DEA0CD000F5184 /* CloudLockAPIDummy.swift */; };
		2F15FC2323DF11DD000F5184 /* ListWorkerTests.swift in Sources */ = {isa = PBXBuildFile; fileRef = 2F15FC2223DF11DD000F5184 /* ListWorkerTests.swift */; };
		2F15FC2523DF13C2000F5184 /* CloudLockAPISpy.swift in Sources */ = {isa = PBXBuildFile; fileRef = 2F15FC2423DF13C2000F5184 /* CloudLockAPISpy.swift */; };
		2F15FC2723DF166F000F5184 /* CloudLockAPIFake.swift in Sources */ = {isa = PBXBuildFile; fileRef = 2F15FC2623DF166F000F5184 /* CloudLockAPIFake.swift */; };
		2F15FC2923DF17C9000F5184 /* DetailWorkerTests.swift in Sources */ = {isa = PBXBuildFile; fileRef = 2F15FC2823DF17C9000F5184 /* DetailWorkerTests.swift */; };
		2F15FC2E23DF1CE9000F5184 /* ResponseMockSpy.swift in Sources */ = {isa = PBXBuildFile; fileRef = 2F15FC2D23DF1CE9000F5184 /* ResponseMockSpy.swift */; };
		2F15FC3023DF21BE000F5184 /* StateTableViewTests.swift in Sources */ = {isa = PBXBuildFile; fileRef = 2F15FC2F23DF21BD000F5184 /* StateTableViewTests.swift */; };
		2F15FC3223DF4221000F5184 /* Server.swift in Sources */ = {isa = PBXBuildFile; fileRef = 2F15FC3123DF4221000F5184 /* Server.swift */; };
		2F15FC3523DF437A000F5184 /* CloudLockAPITests.swift in Sources */ = {isa = PBXBuildFile; fileRef = 2F15FC3423DF437A000F5184 /* CloudLockAPITests.swift */; };
		2F15FC3723DF4F7A000F5184 /* UnlockRouter.swift in Sources */ = {isa = PBXBuildFile; fileRef = 2F15FC3623DF4F7A000F5184 /* UnlockRouter.swift */; };
		2F15FC3923DF5FA0000F5184 /* CloudlockProtocol.swift in Sources */ = {isa = PBXBuildFile; fileRef = 2F15FC3823DF5FA0000F5184 /* CloudlockProtocol.swift */; };
		2F15FC3B23DF5FC6000F5184 /* CloudlockResult.swift in Sources */ = {isa = PBXBuildFile; fileRef = 2F15FC3A23DF5FC6000F5184 /* CloudlockResult.swift */; };
		2F24825A23D3D4D40043F5EE /* BaseNavigationController.swift in Sources */ = {isa = PBXBuildFile; fileRef = 2F24825923D3D4D40043F5EE /* BaseNavigationController.swift */; };
		2F24825C23D3D8DD0043F5EE /* BaseTabbarController.swift in Sources */ = {isa = PBXBuildFile; fileRef = 2F24825B23D3D8DD0043F5EE /* BaseTabbarController.swift */; };
		2F24826523D3DD4A0043F5EE /* UnlockPresenter.swift in Sources */ = {isa = PBXBuildFile; fileRef = 2F24825F23D3DD4A0043F5EE /* UnlockPresenter.swift */; };
		2F24826623D3DD4A0043F5EE /* DoorsWorker.swift in Sources */ = {isa = PBXBuildFile; fileRef = 2F24826023D3DD4A0043F5EE /* DoorsWorker.swift */; };
		2F24826823D3DD4A0043F5EE /* UnlockModels.swift in Sources */ = {isa = PBXBuildFile; fileRef = 2F24826223D3DD4A0043F5EE /* UnlockModels.swift */; };
		2F24826923D3DD4A0043F5EE /* UnlockController.swift in Sources */ = {isa = PBXBuildFile; fileRef = 2F24826323D3DD4A0043F5EE /* UnlockController.swift */; };
		2F24826A23D3DD4A0043F5EE /* UnlockInteractor.swift in Sources */ = {isa = PBXBuildFile; fileRef = 2F24826423D3DD4A0043F5EE /* UnlockInteractor.swift */; };
		2F24826F23D3E15A0043F5EE /* UnlockView.swift in Sources */ = {isa = PBXBuildFile; fileRef = 2F24826E23D3E15A0043F5EE /* UnlockView.swift */; };
		2F24827123D3F3CB0043F5EE /* ViewCode.swift in Sources */ = {isa = PBXBuildFile; fileRef = 2F24827023D3F3CB0043F5EE /* ViewCode.swift */; };
		2F24827323D3F4EC0043F5EE /* BaseView.swift in Sources */ = {isa = PBXBuildFile; fileRef = 2F24827223D3F4EC0043F5EE /* BaseView.swift */; };
		2F24827623D4A3100043F5EE /* BaseViewController.swift in Sources */ = {isa = PBXBuildFile; fileRef = 2F24827523D4A3100043F5EE /* BaseViewController.swift */; };
		2F24827E23D518810043F5EE /* DoorView.swift in Sources */ = {isa = PBXBuildFile; fileRef = 2F24827D23D518810043F5EE /* DoorView.swift */; };
		2F24828023D518A60043F5EE /* CustomLoadingView.swift in Sources */ = {isa = PBXBuildFile; fileRef = 2F24827F23D518A60043F5EE /* CustomLoadingView.swift */; };
		2F24828223D518E50043F5EE /* UnlockViewStateLogic.swift in Sources */ = {isa = PBXBuildFile; fileRef = 2F24828123D518E50043F5EE /* UnlockViewStateLogic.swift */; };
		2F24828423D52C8D0043F5EE /* UIColor+.swift in Sources */ = {isa = PBXBuildFile; fileRef = 2F24828323D52C8D0043F5EE /* UIColor+.swift */; };
		2F24828C23D7522E0043F5EE /* UnlockViewControllerTests.swift in Sources */ = {isa = PBXBuildFile; fileRef = 2F24828823D7522E0043F5EE /* UnlockViewControllerTests.swift */; };
		2F24828D23D7522E0043F5EE /* UnlockInteractorTests.swift in Sources */ = {isa = PBXBuildFile; fileRef = 2F24828923D7522E0043F5EE /* UnlockInteractorTests.swift */; };
		2F24828E23D7522E0043F5EE /* DoorsWorkerTests.swift in Sources */ = {isa = PBXBuildFile; fileRef = 2F24828A23D7522E0043F5EE /* DoorsWorkerTests.swift */; };
		2F24828F23D7522E0043F5EE /* UnlockPresenterTests.swift in Sources */ = {isa = PBXBuildFile; fileRef = 2F24828B23D7522E0043F5EE /* UnlockPresenterTests.swift */; };
		2F24829123D784090043F5EE /* Seeds.swift in Sources */ = {isa = PBXBuildFile; fileRef = 2F24829023D784090043F5EE /* Seeds.swift */; };
		2F24829723D8B3140043F5EE /* Doors.swift in Sources */ = {isa = PBXBuildFile; fileRef = 2F24829623D8B3140043F5EE /* Doors.swift */; };
		2F24829A23D8B72C0043F5EE /* CloudLockAPI.swift in Sources */ = {isa = PBXBuildFile; fileRef = 2F24829923D8B72B0043F5EE /* CloudLockAPI.swift */; };
		2F2482A023D8FBB40043F5EE /* Identifiable.swift in Sources */ = {isa = PBXBuildFile; fileRef = 2F24829F23D8FBB40043F5EE /* Identifiable.swift */; };
		2F2482A623D9ECEC0043F5EE /* CloudLockResult+.swift in Sources */ = {isa = PBXBuildFile; fileRef = 2F2482A523D9ECEC0043F5EE /* CloudLockResult+.swift */; };
		2F2482A823D9EFB40043F5EE /* UnlockViewEventsLogic.swift in Sources */ = {isa = PBXBuildFile; fileRef = 2F2482A723D9EFB40043F5EE /* UnlockViewEventsLogic.swift */; };
		2FB1745523DFB7BE001519BA /* Events.swift in Sources */ = {isa = PBXBuildFile; fileRef = 2FB1745423DFB7BE001519BA /* Events.swift */; };
		2FB1745823DFC812001519BA /* ListEventViewCell.swift in Sources */ = {isa = PBXBuildFile; fileRef = 2FB1745723DFC812001519BA /* ListEventViewCell.swift */; };
		2FBFB99023D9FFFD0015AF42 /* Status.swift in Sources */ = {isa = PBXBuildFile; fileRef = 2FBFB98F23D9FFFD0015AF42 /* Status.swift */; };
		2FBFB99323DA10150015AF42 /* ResultView.swift in Sources */ = {isa = PBXBuildFile; fileRef = 2FBFB99223DA10150015AF42 /* ResultView.swift */; };
		2FBFB99623DA410F0015AF42 /* ErrorView.swift in Sources */ = {isa = PBXBuildFile; fileRef = 2FBFB99523DA410F0015AF42 /* ErrorView.swift */; };
		2FBFB99823DA70F30015AF42 /* StateTableViewController.swift in Sources */ = {isa = PBXBuildFile; fileRef = 2FBFB99723DA70F30015AF42 /* StateTableViewController.swift */; };
		2FBFB9AF23DB87420015AF42 /* ListPresenter.swift in Sources */ = {isa = PBXBuildFile; fileRef = 2FBFB9A923DB87420015AF42 /* ListPresenter.swift */; };
		2FBFB9B023DB87420015AF42 /* ListWorker.swift in Sources */ = {isa = PBXBuildFile; fileRef = 2FBFB9AA23DB87420015AF42 /* ListWorker.swift */; };
		2FBFB9B123DB87420015AF42 /* ListRouter.swift in Sources */ = {isa = PBXBuildFile; fileRef = 2FBFB9AB23DB87420015AF42 /* ListRouter.swift */; };
		2FBFB9B223DB87420015AF42 /* ListModels.swift in Sources */ = {isa = PBXBuildFile; fileRef = 2FBFB9AC23DB87420015AF42 /* ListModels.swift */; };
		2FBFB9B323DB87420015AF42 /* ListController.swift in Sources */ = {isa = PBXBuildFile; fileRef = 2FBFB9AD23DB87420015AF42 /* ListController.swift */; };
		2FBFB9B423DB87420015AF42 /* ListInteractor.swift in Sources */ = {isa = PBXBuildFile; fileRef = 2FBFB9AE23DB87420015AF42 /* ListInteractor.swift */; };
		2FBFB9BF23DCB0030015AF42 /* Item.swift in Sources */ = {isa = PBXBuildFile; fileRef = 2FBFB9BE23DCB0030015AF42 /* Item.swift */; };
		2FBFB9C123DCB55D0015AF42 /* ListTableView.swift in Sources */ = {isa = PBXBuildFile; fileRef = 2FBFB9C023DCB55D0015AF42 /* ListTableView.swift */; };
		2FBFB9C523DCF8870015AF42 /* Users.swift in Sources */ = {isa = PBXBuildFile; fileRef = 2FBFB9C423DCF8870015AF42 /* Users.swift */; };
		2FBFB9C723DCFACE0015AF42 /* ListTableViewCell.swift in Sources */ = {isa = PBXBuildFile; fileRef = 2FBFB9C623DCFACE0015AF42 /* ListTableViewCell.swift */; };
		553FC23C214047CB001D9362 /* R.generated.swift in Sources */ = {isa = PBXBuildFile; fileRef = 553FC23B214047CB001D9362 /* R.generated.swift */; };
		BC3EC2A0B7E0679DBD846100 /* Pods_TheCloudLock.framework in Frameworks */ = {isa = PBXBuildFile; fileRef = 053279ADFB66D889DEA2D03B /* Pods_TheCloudLock.framework */; };
		C90395241FC622D2006F1DC0 /* main.swift in Sources */ = {isa = PBXBuildFile; fileRef = C90395231FC622D2006F1DC0 /* main.swift */; };
		C90395261FC62399006F1DC0 /* TestsAppDelegate.swift in Sources */ = {isa = PBXBuildFile; fileRef = C90395251FC62399006F1DC0 /* TestsAppDelegate.swift */; };
		C90395271FC62425006F1DC0 /* TestsAppDelegate.swift in Sources */ = {isa = PBXBuildFile; fileRef = C90395251FC62399006F1DC0 /* TestsAppDelegate.swift */; };
		FCB2C7CB1F57127800481080 /* Localizable.strings in Resources */ = {isa = PBXBuildFile; fileRef = FCB2C7CA1F57127800481080 /* Localizable.strings */; };
/* End PBXBuildFile section */

/* Begin PBXContainerItemProxy section */
		2A1E77481F384BFD006C84D4 /* PBXContainerItemProxy */ = {
			isa = PBXContainerItemProxy;
			containerPortal = 2A1E772B1F384BFC006C84D4 /* Project object */;
			proxyType = 1;
			remoteGlobalIDString = 2A1E77321F384BFC006C84D4;
			remoteInfo = TheCloudLock;
		};
/* End PBXContainerItemProxy section */

/* Begin PBXFileReference section */
		053279ADFB66D889DEA2D03B /* Pods_TheCloudLock.framework */ = {isa = PBXFileReference; explicitFileType = wrapper.framework; includeInIndex = 0; path = Pods_TheCloudLock.framework; sourceTree = BUILT_PRODUCTS_DIR; };
		2A1DD4DE1F389C2200712195 /* DeeplinkHandler.swift */ = {isa = PBXFileReference; lastKnownFileType = sourcecode.swift; path = DeeplinkHandler.swift; sourceTree = "<group>"; };
		2A1DD4E01F389E2100712195 /* NotificationsHandler.swift */ = {isa = PBXFileReference; lastKnownFileType = sourcecode.swift; path = NotificationsHandler.swift; sourceTree = "<group>"; };
		2A1E77331F384BFC006C84D4 /* TheCloudLock.app */ = {isa = PBXFileReference; explicitFileType = wrapper.application; includeInIndex = 0; path = TheCloudLock.app; sourceTree = BUILT_PRODUCTS_DIR; };
		2A1E77361F384BFC006C84D4 /* AppDelegate.swift */ = {isa = PBXFileReference; lastKnownFileType = sourcecode.swift; path = AppDelegate.swift; sourceTree = "<group>"; };
		2A1E773D1F384BFD006C84D4 /* Assets.xcassets */ = {isa = PBXFileReference; lastKnownFileType = folder.assetcatalog; path = Assets.xcassets; sourceTree = "<group>"; };
		2A1E77401F384BFD006C84D4 /* Base */ = {isa = PBXFileReference; lastKnownFileType = file.storyboard; name = Base; path = Base.lproj/LaunchScreen.storyboard; sourceTree = "<group>"; };
		2A1E77421F384BFD006C84D4 /* Info.plist */ = {isa = PBXFileReference; lastKnownFileType = text.plist.xml; path = Info.plist; sourceTree = "<group>"; };
		2A1E77471F384BFD006C84D4 /* TheCloudLockTests.xctest */ = {isa = PBXFileReference; explicitFileType = wrapper.cfbundle; includeInIndex = 0; path = TheCloudLockTests.xctest; sourceTree = BUILT_PRODUCTS_DIR; };
		2A1E774D1F384BFD006C84D4 /* Info.plist */ = {isa = PBXFileReference; lastKnownFileType = text.plist.xml; path = Info.plist; sourceTree = "<group>"; };
		2A9222811F38797600A648E6 /* ConfigurationManager.swift */ = {isa = PBXFileReference; lastKnownFileType = sourcecode.swift; path = ConfigurationManager.swift; sourceTree = "<group>"; };
		2A9222841F387B1D00A648E6 /* TheCloudLockTests-Bridging-Header.h */ = {isa = PBXFileReference; lastKnownFileType = sourcecode.c.h; path = "TheCloudLockTests-Bridging-Header.h"; sourceTree = "<group>"; };
		2ABEE6D31F38828A00531205 /* Configuration.plist */ = {isa = PBXFileReference; lastKnownFileType = text.plist.xml; path = Configuration.plist; sourceTree = "<group>"; };
		2ABEE6D51F3886D700531205 /* RootRouter.swift */ = {isa = PBXFileReference; lastKnownFileType = sourcecode.swift; path = RootRouter.swift; sourceTree = "<group>"; };
		2F15FBE223DD1CE3000F5184 /* Responses.swift */ = {isa = PBXFileReference; lastKnownFileType = sourcecode.swift; path = Responses.swift; sourceTree = "<group>"; };
		2F15FBE623DD36E3000F5184 /* UIViewController+.swift */ = {isa = PBXFileReference; lastKnownFileType = sourcecode.swift; path = "UIViewController+.swift"; sourceTree = "<group>"; };
		2F15FBE923DDEF20000F5184 /* CredentialsWorker.swift */ = {isa = PBXFileReference; lastKnownFileType = sourcecode.swift; path = CredentialsWorker.swift; sourceTree = "<group>"; };
		2F15FBEB23DDF27A000F5184 /* Credential.swift */ = {isa = PBXFileReference; lastKnownFileType = sourcecode.swift; path = Credential.swift; sourceTree = "<group>"; };
		2F15FBED23DE066F000F5184 /* DetailPresenter.swift */ = {isa = PBXFileReference; lastKnownFileType = sourcecode.swift; path = DetailPresenter.swift; sourceTree = "<group>"; };
		2F15FBEF23DE066F000F5184 /* DetailRouter.swift */ = {isa = PBXFileReference; lastKnownFileType = sourcecode.swift; path = DetailRouter.swift; sourceTree = "<group>"; };
		2F15FBF023DE066F000F5184 /* DetailModels.swift */ = {isa = PBXFileReference; lastKnownFileType = sourcecode.swift; path = DetailModels.swift; sourceTree = "<group>"; };
		2F15FBF123DE066F000F5184 /* DetailController.swift */ = {isa = PBXFileReference; lastKnownFileType = sourcecode.swift; path = DetailController.swift; sourceTree = "<group>"; };
		2F15FBF223DE066F000F5184 /* DetailInteractor.swift */ = {isa = PBXFileReference; lastKnownFileType = sourcecode.swift; path = DetailInteractor.swift; sourceTree = "<group>"; };
		2F15FBFD23DE1A18000F5184 /* DetailTableView.swift */ = {isa = PBXFileReference; lastKnownFileType = sourcecode.swift; path = DetailTableView.swift; sourceTree = "<group>"; };
		2F15FBFF23DE1D6F000F5184 /* DetailWorker.swift */ = {isa = PBXFileReference; lastKnownFileType = sourcecode.swift; path = DetailWorker.swift; sourceTree = "<group>"; };
		2F15FC0E23DE4DC6000F5184 /* ListViewControllerTests.swift */ = {isa = PBXFileReference; lastKnownFileType = sourcecode.swift; path = ListViewControllerTests.swift; sourceTree = "<group>"; };
		2F15FC0F23DE4DC6000F5184 /* ListInteractorTests.swift */ = {isa = PBXFileReference; lastKnownFileType = sourcecode.swift; path = ListInteractorTests.swift; sourceTree = "<group>"; };
		2F15FC1123DE4DC6000F5184 /* ListPresenterTests.swift */ = {isa = PBXFileReference; lastKnownFileType = sourcecode.swift; path = ListPresenterTests.swift; sourceTree = "<group>"; };
		2F15FC1823DE9D23000F5184 /* DetailViewControllerTests.swift */ = {isa = PBXFileReference; lastKnownFileType = sourcecode.swift; path = DetailViewControllerTests.swift; sourceTree = "<group>"; };
		2F15FC1923DE9D23000F5184 /* DetailInteractorTests.swift */ = {isa = PBXFileReference; lastKnownFileType = sourcecode.swift; path = DetailInteractorTests.swift; sourceTree = "<group>"; };
		2F15FC1B23DE9D23000F5184 /* DetailPresenterTests.swift */ = {isa = PBXFileReference; lastKnownFileType = sourcecode.swift; path = DetailPresenterTests.swift; sourceTree = "<group>"; };
		2F15FC2023DEA0CD000F5184 /* CloudLockAPIDummy.swift */ = {isa = PBXFileReference; lastKnownFileType = sourcecode.swift; path = CloudLockAPIDummy.swift; sourceTree = "<group>"; };
		2F15FC2223DF11DD000F5184 /* ListWorkerTests.swift */ = {isa = PBXFileReference; lastKnownFileType = sourcecode.swift; path = ListWorkerTests.swift; sourceTree = "<group>"; };
		2F15FC2423DF13C2000F5184 /* CloudLockAPISpy.swift */ = {isa = PBXFileReference; lastKnownFileType = sourcecode.swift; path = CloudLockAPISpy.swift; sourceTree = "<group>"; };
		2F15FC2623DF166F000F5184 /* CloudLockAPIFake.swift */ = {isa = PBXFileReference; lastKnownFileType = sourcecode.swift; path = CloudLockAPIFake.swift; sourceTree = "<group>"; };
		2F15FC2823DF17C9000F5184 /* DetailWorkerTests.swift */ = {isa = PBXFileReference; lastKnownFileType = sourcecode.swift; path = DetailWorkerTests.swift; sourceTree = "<group>"; };
		2F15FC2D23DF1CE9000F5184 /* ResponseMockSpy.swift */ = {isa = PBXFileReference; lastKnownFileType = sourcecode.swift; path = ResponseMockSpy.swift; sourceTree = "<group>"; };
		2F15FC2F23DF21BD000F5184 /* StateTableViewTests.swift */ = {isa = PBXFileReference; lastKnownFileType = sourcecode.swift; path = StateTableViewTests.swift; sourceTree = "<group>"; };
		2F15FC3123DF4221000F5184 /* Server.swift */ = {isa = PBXFileReference; lastKnownFileType = sourcecode.swift; path = Server.swift; sourceTree = "<group>"; };
		2F15FC3423DF437A000F5184 /* CloudLockAPITests.swift */ = {isa = PBXFileReference; lastKnownFileType = sourcecode.swift; path = CloudLockAPITests.swift; sourceTree = "<group>"; };
		2F15FC3623DF4F7A000F5184 /* UnlockRouter.swift */ = {isa = PBXFileReference; fileEncoding = 4; lastKnownFileType = sourcecode.swift; path = UnlockRouter.swift; sourceTree = "<group>"; };
		2F15FC3823DF5FA0000F5184 /* CloudlockProtocol.swift */ = {isa = PBXFileReference; lastKnownFileType = sourcecode.swift; path = CloudlockProtocol.swift; sourceTree = "<group>"; };
		2F15FC3A23DF5FC6000F5184 /* CloudlockResult.swift */ = {isa = PBXFileReference; lastKnownFileType = sourcecode.swift; path = CloudlockResult.swift; sourceTree = "<group>"; };
		2F24825923D3D4D40043F5EE /* BaseNavigationController.swift */ = {isa = PBXFileReference; lastKnownFileType = sourcecode.swift; path = BaseNavigationController.swift; sourceTree = "<group>"; };
		2F24825B23D3D8DD0043F5EE /* BaseTabbarController.swift */ = {isa = PBXFileReference; lastKnownFileType = sourcecode.swift; path = BaseTabbarController.swift; sourceTree = "<group>"; };
		2F24825F23D3DD4A0043F5EE /* UnlockPresenter.swift */ = {isa = PBXFileReference; lastKnownFileType = sourcecode.swift; path = UnlockPresenter.swift; sourceTree = "<group>"; };
		2F24826023D3DD4A0043F5EE /* DoorsWorker.swift */ = {isa = PBXFileReference; lastKnownFileType = sourcecode.swift; path = DoorsWorker.swift; sourceTree = "<group>"; };
		2F24826223D3DD4A0043F5EE /* UnlockModels.swift */ = {isa = PBXFileReference; lastKnownFileType = sourcecode.swift; path = UnlockModels.swift; sourceTree = "<group>"; };
		2F24826323D3DD4A0043F5EE /* UnlockController.swift */ = {isa = PBXFileReference; lastKnownFileType = sourcecode.swift; path = UnlockController.swift; sourceTree = "<group>"; };
		2F24826423D3DD4A0043F5EE /* UnlockInteractor.swift */ = {isa = PBXFileReference; lastKnownFileType = sourcecode.swift; path = UnlockInteractor.swift; sourceTree = "<group>"; };
		2F24826E23D3E15A0043F5EE /* UnlockView.swift */ = {isa = PBXFileReference; lastKnownFileType = sourcecode.swift; path = UnlockView.swift; sourceTree = "<group>"; };
		2F24827023D3F3CB0043F5EE /* ViewCode.swift */ = {isa = PBXFileReference; lastKnownFileType = sourcecode.swift; path = ViewCode.swift; sourceTree = "<group>"; };
		2F24827223D3F4EC0043F5EE /* BaseView.swift */ = {isa = PBXFileReference; lastKnownFileType = sourcecode.swift; path = BaseView.swift; sourceTree = "<group>"; };
		2F24827523D4A3100043F5EE /* BaseViewController.swift */ = {isa = PBXFileReference; lastKnownFileType = sourcecode.swift; path = BaseViewController.swift; sourceTree = "<group>"; };
		2F24827D23D518810043F5EE /* DoorView.swift */ = {isa = PBXFileReference; lastKnownFileType = sourcecode.swift; path = DoorView.swift; sourceTree = "<group>"; };
		2F24827F23D518A60043F5EE /* CustomLoadingView.swift */ = {isa = PBXFileReference; lastKnownFileType = sourcecode.swift; path = CustomLoadingView.swift; sourceTree = "<group>"; };
		2F24828123D518E50043F5EE /* UnlockViewStateLogic.swift */ = {isa = PBXFileReference; lastKnownFileType = sourcecode.swift; path = UnlockViewStateLogic.swift; sourceTree = "<group>"; };
		2F24828323D52C8D0043F5EE /* UIColor+.swift */ = {isa = PBXFileReference; lastKnownFileType = sourcecode.swift; path = "UIColor+.swift"; sourceTree = "<group>"; };
		2F24828823D7522E0043F5EE /* UnlockViewControllerTests.swift */ = {isa = PBXFileReference; lastKnownFileType = sourcecode.swift; path = UnlockViewControllerTests.swift; sourceTree = "<group>"; };
		2F24828923D7522E0043F5EE /* UnlockInteractorTests.swift */ = {isa = PBXFileReference; lastKnownFileType = sourcecode.swift; path = UnlockInteractorTests.swift; sourceTree = "<group>"; };
		2F24828A23D7522E0043F5EE /* DoorsWorkerTests.swift */ = {isa = PBXFileReference; lastKnownFileType = sourcecode.swift; path = DoorsWorkerTests.swift; sourceTree = "<group>"; };
		2F24828B23D7522E0043F5EE /* UnlockPresenterTests.swift */ = {isa = PBXFileReference; lastKnownFileType = sourcecode.swift; path = UnlockPresenterTests.swift; sourceTree = "<group>"; };
		2F24829023D784090043F5EE /* Seeds.swift */ = {isa = PBXFileReference; lastKnownFileType = sourcecode.swift; path = Seeds.swift; sourceTree = "<group>"; };
		2F24829623D8B3140043F5EE /* Doors.swift */ = {isa = PBXFileReference; lastKnownFileType = sourcecode.swift; path = Doors.swift; sourceTree = "<group>"; };
		2F24829923D8B72B0043F5EE /* CloudLockAPI.swift */ = {isa = PBXFileReference; lastKnownFileType = sourcecode.swift; path = CloudLockAPI.swift; sourceTree = "<group>"; };
		2F24829F23D8FBB40043F5EE /* Identifiable.swift */ = {isa = PBXFileReference; lastKnownFileType = sourcecode.swift; path = Identifiable.swift; sourceTree = "<group>"; };
		2F2482A523D9ECEC0043F5EE /* CloudLockResult+.swift */ = {isa = PBXFileReference; lastKnownFileType = sourcecode.swift; path = "CloudLockResult+.swift"; sourceTree = "<group>"; };
		2F2482A723D9EFB40043F5EE /* UnlockViewEventsLogic.swift */ = {isa = PBXFileReference; lastKnownFileType = sourcecode.swift; path = UnlockViewEventsLogic.swift; sourceTree = "<group>"; };
		2FB1745423DFB7BE001519BA /* Events.swift */ = {isa = PBXFileReference; lastKnownFileType = sourcecode.swift; path = Events.swift; sourceTree = "<group>"; };
		2FB1745723DFC812001519BA /* ListEventViewCell.swift */ = {isa = PBXFileReference; lastKnownFileType = sourcecode.swift; path = ListEventViewCell.swift; sourceTree = "<group>"; };
		2FBFB98F23D9FFFD0015AF42 /* Status.swift */ = {isa = PBXFileReference; lastKnownFileType = sourcecode.swift; path = Status.swift; sourceTree = "<group>"; };
		2FBFB99223DA10150015AF42 /* ResultView.swift */ = {isa = PBXFileReference; lastKnownFileType = sourcecode.swift; path = ResultView.swift; sourceTree = "<group>"; };
		2FBFB99523DA410F0015AF42 /* ErrorView.swift */ = {isa = PBXFileReference; lastKnownFileType = sourcecode.swift; path = ErrorView.swift; sourceTree = "<group>"; };
		2FBFB99723DA70F30015AF42 /* StateTableViewController.swift */ = {isa = PBXFileReference; lastKnownFileType = sourcecode.swift; path = StateTableViewController.swift; sourceTree = "<group>"; };
		2FBFB9A923DB87420015AF42 /* ListPresenter.swift */ = {isa = PBXFileReference; lastKnownFileType = sourcecode.swift; path = ListPresenter.swift; sourceTree = "<group>"; };
		2FBFB9AA23DB87420015AF42 /* ListWorker.swift */ = {isa = PBXFileReference; lastKnownFileType = sourcecode.swift; path = ListWorker.swift; sourceTree = "<group>"; };
		2FBFB9AB23DB87420015AF42 /* ListRouter.swift */ = {isa = PBXFileReference; lastKnownFileType = sourcecode.swift; path = ListRouter.swift; sourceTree = "<group>"; };
		2FBFB9AC23DB87420015AF42 /* ListModels.swift */ = {isa = PBXFileReference; lastKnownFileType = sourcecode.swift; path = ListModels.swift; sourceTree = "<group>"; };
		2FBFB9AD23DB87420015AF42 /* ListController.swift */ = {isa = PBXFileReference; lastKnownFileType = sourcecode.swift; path = ListController.swift; sourceTree = "<group>"; };
		2FBFB9AE23DB87420015AF42 /* ListInteractor.swift */ = {isa = PBXFileReference; lastKnownFileType = sourcecode.swift; path = ListInteractor.swift; sourceTree = "<group>"; };
		2FBFB9BE23DCB0030015AF42 /* Item.swift */ = {isa = PBXFileReference; lastKnownFileType = sourcecode.swift; path = Item.swift; sourceTree = "<group>"; };
		2FBFB9C023DCB55D0015AF42 /* ListTableView.swift */ = {isa = PBXFileReference; lastKnownFileType = sourcecode.swift; path = ListTableView.swift; sourceTree = "<group>"; };
		2FBFB9C423DCF8870015AF42 /* Users.swift */ = {isa = PBXFileReference; fileEncoding = 4; lastKnownFileType = sourcecode.swift; path = Users.swift; sourceTree = "<group>"; };
		2FBFB9C623DCFACE0015AF42 /* ListTableViewCell.swift */ = {isa = PBXFileReference; lastKnownFileType = sourcecode.swift; path = ListTableViewCell.swift; sourceTree = "<group>"; };
		553FC23B214047CB001D9362 /* R.generated.swift */ = {isa = PBXFileReference; lastKnownFileType = sourcecode.swift; path = R.generated.swift; sourceTree = "<group>"; };
		55F50BE321404BDD00FAC039 /* Readme.md */ = {isa = PBXFileReference; fileEncoding = 4; lastKnownFileType = net.daringfireball.markdown; path = Readme.md; sourceTree = "<group>"; };
		582550F0B19592CD8943D97A /* Pods-TheCloudLock.release.xcconfig */ = {isa = PBXFileReference; includeInIndex = 1; lastKnownFileType = text.xcconfig; name = "Pods-TheCloudLock.release.xcconfig"; path = "Target Support Files/Pods-TheCloudLock/Pods-TheCloudLock.release.xcconfig"; sourceTree = "<group>"; };
		5AAA912C5DB61791C06A29B6 /* Pods_TheCloudLockTests.framework */ = {isa = PBXFileReference; explicitFileType = wrapper.framework; includeInIndex = 0; path = Pods_TheCloudLockTests.framework; sourceTree = BUILT_PRODUCTS_DIR; };
		78DB01ED95907AC7A045DE05 /* Pods-TheCloudLockTests.debug.xcconfig */ = {isa = PBXFileReference; includeInIndex = 1; lastKnownFileType = text.xcconfig; name = "Pods-TheCloudLockTests.debug.xcconfig"; path = "Target Support Files/Pods-TheCloudLockTests/Pods-TheCloudLockTests.debug.xcconfig"; sourceTree = "<group>"; };
		992723821A2F6E6486A4CEFD /* Pods-TheCloudLockTests.release.xcconfig */ = {isa = PBXFileReference; includeInIndex = 1; lastKnownFileType = text.xcconfig; name = "Pods-TheCloudLockTests.release.xcconfig"; path = "Target Support Files/Pods-TheCloudLockTests/Pods-TheCloudLockTests.release.xcconfig"; sourceTree = "<group>"; };
		BF4C378618A73FF033C72E2B /* Pods-TheCloudLock.debug.xcconfig */ = {isa = PBXFileReference; includeInIndex = 1; lastKnownFileType = text.xcconfig; name = "Pods-TheCloudLock.debug.xcconfig"; path = "Target Support Files/Pods-TheCloudLock/Pods-TheCloudLock.debug.xcconfig"; sourceTree = "<group>"; };
		C90395231FC622D2006F1DC0 /* main.swift */ = {isa = PBXFileReference; lastKnownFileType = sourcecode.swift; path = main.swift; sourceTree = "<group>"; };
		C90395251FC62399006F1DC0 /* TestsAppDelegate.swift */ = {isa = PBXFileReference; lastKnownFileType = sourcecode.swift; path = TestsAppDelegate.swift; sourceTree = "<group>"; };
		D800E0E1834929157785B2A1 /* Pods-TheCloudLock.staging.xcconfig */ = {isa = PBXFileReference; includeInIndex = 1; lastKnownFileType = text.xcconfig; name = "Pods-TheCloudLock.staging.xcconfig"; path = "Target Support Files/Pods-TheCloudLock/Pods-TheCloudLock.staging.xcconfig"; sourceTree = "<group>"; };
		E1F4CE0AF1497ED9F026ECA1 /* Pods-TheCloudLockTests.staging.xcconfig */ = {isa = PBXFileReference; includeInIndex = 1; lastKnownFileType = text.xcconfig; name = "Pods-TheCloudLockTests.staging.xcconfig"; path = "Target Support Files/Pods-TheCloudLockTests/Pods-TheCloudLockTests.staging.xcconfig"; sourceTree = "<group>"; };
		FCB2C7CA1F57127800481080 /* Localizable.strings */ = {isa = PBXFileReference; fileEncoding = 4; lastKnownFileType = text.plist.strings; path = Localizable.strings; sourceTree = "<group>"; };
/* End PBXFileReference section */

/* Begin PBXFrameworksBuildPhase section */
		2A1E77301F384BFC006C84D4 /* Frameworks */ = {
			isa = PBXFrameworksBuildPhase;
			buildActionMask = 2147483647;
			files = (
				BC3EC2A0B7E0679DBD846100 /* Pods_TheCloudLock.framework in Frameworks */,
			);
			runOnlyForDeploymentPostprocessing = 0;
		};
		2A1E77441F384BFD006C84D4 /* Frameworks */ = {
			isa = PBXFrameworksBuildPhase;
			buildActionMask = 2147483647;
			files = (
				11654EC5B530482DF630A81E /* Pods_TheCloudLockTests.framework in Frameworks */,
			);
			runOnlyForDeploymentPostprocessing = 0;
		};
/* End PBXFrameworksBuildPhase section */

/* Begin PBXGroup section */
		2A1DD4E21F38A09700712195 /* Launch */ = {
			isa = PBXGroup;
			children = (
				2A1E773F1F384BFD006C84D4 /* LaunchScreen.storyboard */,
			);
			path = Launch;
			sourceTree = "<group>";
		};
		2A1E772A1F384BFC006C84D4 = {
			isa = PBXGroup;
			children = (
				55F50BE321404BDD00FAC039 /* Readme.md */,
				2A1E77351F384BFC006C84D4 /* TheCloudLock */,
				2A1E774A1F384BFD006C84D4 /* TheCloudLockTests */,
				2A1E77341F384BFC006C84D4 /* Products */,
				96CEDB5741B70329AED13E31 /* Pods */,
				3DAE3D4A5C84DAF4F1EF7AD3 /* Frameworks */,
			);
			sourceTree = "<group>";
		};
		2A1E77341F384BFC006C84D4 /* Products */ = {
			isa = PBXGroup;
			children = (
				2A1E77331F384BFC006C84D4 /* TheCloudLock.app */,
				2A1E77471F384BFD006C84D4 /* TheCloudLockTests.xctest */,
			);
			name = Products;
			sourceTree = "<group>";
		};
		2A1E77351F384BFC006C84D4 /* TheCloudLock */ = {
			isa = PBXGroup;
			children = (
				C90395231FC622D2006F1DC0 /* main.swift */,
				2A1E77361F384BFC006C84D4 /* AppDelegate.swift */,
				2AFB31021F3853C6009C4586 /* Resources */,
				2AFB31071F38542E009C4586 /* SupportingFiles */,
				2F24829823D8B71D0043F5EE /* Services */,
				2F24829223D8AA2D0043F5EE /* Workers */,
				2AB31D9F1F38741400B7D1F3 /* Scenes */,
				2F15FBFB23DE0F72000F5184 /* ReusableViews */,
				2AFB310A1F385A20009C4586 /* Helpers */,
				2AB31D9E1F38740A00B7D1F3 /* Shared */,
			);
			path = TheCloudLock;
			sourceTree = "<group>";
		};
		2A1E774A1F384BFD006C84D4 /* TheCloudLockTests */ = {
			isa = PBXGroup;
			children = (
				2F15FC3323DF436C000F5184 /* Services */,
				2F15FC2C23DF1B83000F5184 /* UtilityTests */,
				2F24829023D784090043F5EE /* Seeds.swift */,
				2F2482A423D9ECC40043F5EE /* Extensions */,
				2F15FBFC23DE10EF000F5184 /* Workers */,
				2F15FC1623DE503D000F5184 /* Helpers */,
				2F24828523D5FE920043F5EE /* Scenes */,
				2A9222841F387B1D00A648E6 /* TheCloudLockTests-Bridging-Header.h */,
				2A1E774D1F384BFD006C84D4 /* Info.plist */,
				C90395251FC62399006F1DC0 /* TestsAppDelegate.swift */,
			);
			path = TheCloudLockTests;
			sourceTree = "<group>";
		};
		2AB31D9E1F38740A00B7D1F3 /* Shared */ = {
			isa = PBXGroup;
			children = (
				2F2482A323D90C0A0043F5EE /* Base Entities */,
			);
			path = Shared;
			sourceTree = "<group>";
		};
		2AB31D9F1F38741400B7D1F3 /* Scenes */ = {
			isa = PBXGroup;
			children = (
				2F15FBE823DDE22F000F5184 /* Detail */,
				2FBFB99923DB2FA50015AF42 /* List */,
				2F24826D23D3DF030043F5EE /* Unlock */,
				2A1DD4E21F38A09700712195 /* Launch */,
			);
			path = Scenes;
			sourceTree = "<group>";
		};
		2AB31DA01F38742400B7D1F3 /* Fonts */ = {
			isa = PBXGroup;
			children = (
			);
			path = Fonts;
			sourceTree = "<group>";
		};
		2AB31DA11F38742A00B7D1F3 /* Translations */ = {
			isa = PBXGroup;
			children = (
				FCB2C7CA1F57127800481080 /* Localizable.strings */,
			);
			path = Translations;
			sourceTree = "<group>";
		};
		2AB31DA21F38744600B7D1F3 /* Protocols */ = {
			isa = PBXGroup;
			children = (
				2F24829F23D8FBB40043F5EE /* Identifiable.swift */,
			);
			path = Protocols;
			sourceTree = "<group>";
		};
		2AB31DA31F38744C00B7D1F3 /* Utilities */ = {
			isa = PBXGroup;
			children = (
				2ABEE6D51F3886D700531205 /* RootRouter.swift */,
				2A9222811F38797600A648E6 /* ConfigurationManager.swift */,
				2A1DD4DE1F389C2200712195 /* DeeplinkHandler.swift */,
				2A1DD4E01F389E2100712195 /* NotificationsHandler.swift */,
				2FBFB99723DA70F30015AF42 /* StateTableViewController.swift */,
			);
			path = Utilities;
			sourceTree = "<group>";
		};
		2AB31DA41F38745300B7D1F3 /* Extensions */ = {
			isa = PBXGroup;
			children = (
				2F24828323D52C8D0043F5EE /* UIColor+.swift */,
				2F15FBE623DD36E3000F5184 /* UIViewController+.swift */,
			);
			path = Extensions;
			sourceTree = "<group>";
		};
		2AFB31021F3853C6009C4586 /* Resources */ = {
			isa = PBXGroup;
			children = (
				553FC239214046D0001D9362 /* Generated */,
				2AB31DA11F38742A00B7D1F3 /* Translations */,
				2AB31DA01F38742400B7D1F3 /* Fonts */,
				2AFB31031F3853D9009C4586 /* Images */,
			);
			path = Resources;
			sourceTree = "<group>";
		};
		2AFB31031F3853D9009C4586 /* Images */ = {
			isa = PBXGroup;
			children = (
				2A1E773D1F384BFD006C84D4 /* Assets.xcassets */,
			);
			path = Images;
			sourceTree = "<group>";
		};
		2AFB31071F38542E009C4586 /* SupportingFiles */ = {
			isa = PBXGroup;
			children = (
				2ABEE6D31F38828A00531205 /* Configuration.plist */,
				2A1E77421F384BFD006C84D4 /* Info.plist */,
			);
			path = SupportingFiles;
			sourceTree = "<group>";
		};
		2AFB310A1F385A20009C4586 /* Helpers */ = {
			isa = PBXGroup;
			children = (
				2AB31DA21F38744600B7D1F3 /* Protocols */,
				2AB31DA41F38745300B7D1F3 /* Extensions */,
				2AB31DA31F38744C00B7D1F3 /* Utilities */,
			);
			path = Helpers;
			sourceTree = "<group>";
		};
		2F15FBE823DDE22F000F5184 /* Detail */ = {
			isa = PBXGroup;
			children = (
				2F15FBFF23DE1D6F000F5184 /* DetailWorker.swift */,
				2F15FBED23DE066F000F5184 /* DetailPresenter.swift */,
				2F15FBEF23DE066F000F5184 /* DetailRouter.swift */,
				2F15FBF023DE066F000F5184 /* DetailModels.swift */,
				2F15FBF123DE066F000F5184 /* DetailController.swift */,
				2F15FBF223DE066F000F5184 /* DetailInteractor.swift */,
				2F15FBFD23DE1A18000F5184 /* DetailTableView.swift */,
			);
			path = Detail;
			sourceTree = "<group>";
		};
		2F15FBFB23DE0F72000F5184 /* ReusableViews */ = {
			isa = PBXGroup;
			children = (
				2FB1745723DFC812001519BA /* ListEventViewCell.swift */,
				2FBFB9C623DCFACE0015AF42 /* ListTableViewCell.swift */,
				2FBFB9C023DCB55D0015AF42 /* ListTableView.swift */,
				2F24827F23D518A60043F5EE /* CustomLoadingView.swift */,
				2FBFB99223DA10150015AF42 /* ResultView.swift */,
				2FBFB99523DA410F0015AF42 /* ErrorView.swift */,
			);
			path = ReusableViews;
			sourceTree = "<group>";
		};
		2F15FBFC23DE10EF000F5184 /* Workers */ = {
			isa = PBXGroup;
			children = (
				2F24828A23D7522E0043F5EE /* DoorsWorkerTests.swift */,
			);
			path = Workers;
			sourceTree = "<group>";
		};
		2F15FC0123DE4D12000F5184 /* List */ = {
			isa = PBXGroup;
			children = (
				2F15FC0E23DE4DC6000F5184 /* ListViewControllerTests.swift */,
				2F15FC0F23DE4DC6000F5184 /* ListInteractorTests.swift */,
				2F15FC1123DE4DC6000F5184 /* ListPresenterTests.swift */,
				2F15FC2223DF11DD000F5184 /* ListWorkerTests.swift */,
			);
			path = List;
			sourceTree = "<group>";
		};
		2F15FC1623DE503D000F5184 /* Helpers */ = {
			isa = PBXGroup;
			children = (
				2F15FC2023DEA0CD000F5184 /* CloudLockAPIDummy.swift */,
				2F15FC2423DF13C2000F5184 /* CloudLockAPISpy.swift */,
				2F15FC2623DF166F000F5184 /* CloudLockAPIFake.swift */,
			);
			path = Helpers;
			sourceTree = "<group>";
		};
		2F15FC1723DE9CF0000F5184 /* Detail */ = {
			isa = PBXGroup;
			children = (
				2F15FC1823DE9D23000F5184 /* DetailViewControllerTests.swift */,
				2F15FC1923DE9D23000F5184 /* DetailInteractorTests.swift */,
				2F15FC1B23DE9D23000F5184 /* DetailPresenterTests.swift */,
				2F15FC2823DF17C9000F5184 /* DetailWorkerTests.swift */,
			);
			path = Detail;
			sourceTree = "<group>";
		};
		2F15FC2C23DF1B83000F5184 /* UtilityTests */ = {
			isa = PBXGroup;
			children = (
				2F15FC2D23DF1CE9000F5184 /* ResponseMockSpy.swift */,
				2F15FC2F23DF21BD000F5184 /* StateTableViewTests.swift */,
			);
			path = UtilityTests;
			sourceTree = "<group>";
		};
		2F15FC3323DF436C000F5184 /* Services */ = {
			isa = PBXGroup;
			children = (
				2F15FC3423DF437A000F5184 /* CloudLockAPITests.swift */,
			);
			path = Services;
			sourceTree = "<group>";
		};
		2F24826D23D3DF030043F5EE /* Unlock */ = {
			isa = PBXGroup;
			children = (
				2F24825F23D3DD4A0043F5EE /* UnlockPresenter.swift */,
				2F24826223D3DD4A0043F5EE /* UnlockModels.swift */,
				2F15FC3623DF4F7A000F5184 /* UnlockRouter.swift */,
				2F24826323D3DD4A0043F5EE /* UnlockController.swift */,
				2F24826423D3DD4A0043F5EE /* UnlockInteractor.swift */,
				2F24827C23D518660043F5EE /* UnlockViews */,
			);
			path = Unlock;
			sourceTree = "<group>";
		};
		2F24827C23D518660043F5EE /* UnlockViews */ = {
			isa = PBXGroup;
			children = (
				2F24828123D518E50043F5EE /* UnlockViewStateLogic.swift */,
				2F2482A723D9EFB40043F5EE /* UnlockViewEventsLogic.swift */,
				2F24826E23D3E15A0043F5EE /* UnlockView.swift */,
				2F24827D23D518810043F5EE /* DoorView.swift */,
			);
			path = UnlockViews;
			sourceTree = "<group>";
		};
		2F24828523D5FE920043F5EE /* Scenes */ = {
			isa = PBXGroup;
			children = (
				2F15FC1723DE9CF0000F5184 /* Detail */,
				2F15FC0123DE4D12000F5184 /* List */,
				2F24828623D5FEC20043F5EE /* Unlock */,
			);
			path = Scenes;
			sourceTree = "<group>";
		};
		2F24828623D5FEC20043F5EE /* Unlock */ = {
			isa = PBXGroup;
			children = (
				2F24828823D7522E0043F5EE /* UnlockViewControllerTests.swift */,
				2F24828923D7522E0043F5EE /* UnlockInteractorTests.swift */,
				2F24828B23D7522E0043F5EE /* UnlockPresenterTests.swift */,
			);
			path = Unlock;
			sourceTree = "<group>";
		};
		2F24829223D8AA2D0043F5EE /* Workers */ = {
			isa = PBXGroup;
			children = (
				2F24826023D3DD4A0043F5EE /* DoorsWorker.swift */,
				2F15FBE923DDEF20000F5184 /* CredentialsWorker.swift */,
			);
			path = Workers;
			sourceTree = "<group>";
		};
		2F24829523D8B3020043F5EE /* Models */ = {
			isa = PBXGroup;
			children = (
				2FB1745423DFB7BE001519BA /* Events.swift */,
				2F24829623D8B3140043F5EE /* Doors.swift */,
				2FBFB9C423DCF8870015AF42 /* Users.swift */,
				2FBFB98F23D9FFFD0015AF42 /* Status.swift */,
				2FBFB9BE23DCB0030015AF42 /* Item.swift */,
				2F15FBEB23DDF27A000F5184 /* Credential.swift */,
			);
			path = Models;
			sourceTree = "<group>";
		};
		2F24829823D8B71D0043F5EE /* Services */ = {
			isa = PBXGroup;
			children = (
				2F15FC3823DF5FA0000F5184 /* CloudlockProtocol.swift */,
				2F15FC3A23DF5FC6000F5184 /* CloudlockResult.swift */,
				2F24829923D8B72B0043F5EE /* CloudLockAPI.swift */,
				2F15FBE223DD1CE3000F5184 /* Responses.swift */,
				2F15FC3123DF4221000F5184 /* Server.swift */,
				2F24829523D8B3020043F5EE /* Models */,
			);
			path = Services;
			sourceTree = "<group>";
		};
		2F2482A323D90C0A0043F5EE /* Base Entities */ = {
			isa = PBXGroup;
			children = (
				2F24827023D3F3CB0043F5EE /* ViewCode.swift */,
				2F24825923D3D4D40043F5EE /* BaseNavigationController.swift */,
				2F24825B23D3D8DD0043F5EE /* BaseTabbarController.swift */,
				2F24827223D3F4EC0043F5EE /* BaseView.swift */,
				2F24827523D4A3100043F5EE /* BaseViewController.swift */,
			);
			path = "Base Entities";
			sourceTree = "<group>";
		};
		2F2482A423D9ECC40043F5EE /* Extensions */ = {
			isa = PBXGroup;
			children = (
				2F2482A523D9ECEC0043F5EE /* CloudLockResult+.swift */,
			);
			path = Extensions;
			sourceTree = "<group>";
		};
		2FBFB99923DB2FA50015AF42 /* List */ = {
			isa = PBXGroup;
			children = (
				2FBFB9A923DB87420015AF42 /* ListPresenter.swift */,
				2FBFB9AA23DB87420015AF42 /* ListWorker.swift */,
				2FBFB9AB23DB87420015AF42 /* ListRouter.swift */,
				2FBFB9AC23DB87420015AF42 /* ListModels.swift */,
				2FBFB9AD23DB87420015AF42 /* ListController.swift */,
				2FBFB9AE23DB87420015AF42 /* ListInteractor.swift */,
			);
			path = List;
			sourceTree = "<group>";
		};
		3DAE3D4A5C84DAF4F1EF7AD3 /* Frameworks */ = {
			isa = PBXGroup;
			children = (
				053279ADFB66D889DEA2D03B /* Pods_TheCloudLock.framework */,
				5AAA912C5DB61791C06A29B6 /* Pods_TheCloudLockTests.framework */,
			);
			name = Frameworks;
			sourceTree = "<group>";
		};
		553FC239214046D0001D9362 /* Generated */ = {
			isa = PBXGroup;
			children = (
				553FC23B214047CB001D9362 /* R.generated.swift */,
			);
			path = Generated;
			sourceTree = "<group>";
		};
		96CEDB5741B70329AED13E31 /* Pods */ = {
			isa = PBXGroup;
			children = (
				BF4C378618A73FF033C72E2B /* Pods-TheCloudLock.debug.xcconfig */,
				D800E0E1834929157785B2A1 /* Pods-TheCloudLock.staging.xcconfig */,
				582550F0B19592CD8943D97A /* Pods-TheCloudLock.release.xcconfig */,
				78DB01ED95907AC7A045DE05 /* Pods-TheCloudLockTests.debug.xcconfig */,
				E1F4CE0AF1497ED9F026ECA1 /* Pods-TheCloudLockTests.staging.xcconfig */,
				992723821A2F6E6486A4CEFD /* Pods-TheCloudLockTests.release.xcconfig */,
			);
			path = Pods;
			sourceTree = "<group>";
		};
/* End PBXGroup section */

/* Begin PBXNativeTarget section */
		2A1E77321F384BFC006C84D4 /* TheCloudLock */ = {
			isa = PBXNativeTarget;
			buildConfigurationList = 2A1E77501F384BFD006C84D4 /* Build configuration list for PBXNativeTarget "TheCloudLock" */;
			buildPhases = (
				9E958A48BFD3C791B1BD7E48 /* [CP] Check Pods Manifest.lock */,
				553FC23A2140470C001D9362 /* R.swift */,
				2A1E772F1F384BFC006C84D4 /* Sources */,
				FC9CA61F1F83C1B700B8EB94 /* SwiftLint */,
				2A1E77301F384BFC006C84D4 /* Frameworks */,
				2A1E77311F384BFC006C84D4 /* Resources */,
				A4DC89234697C9E0DDA2FABD /* [CP] Embed Pods Frameworks */,
			);
			buildRules = (
			);
			dependencies = (
			);
			name = TheCloudLock;
			productName = TheCloudLock;
			productReference = 2A1E77331F384BFC006C84D4 /* TheCloudLock.app */;
			productType = "com.apple.product-type.application";
		};
		2A1E77461F384BFD006C84D4 /* TheCloudLockTests */ = {
			isa = PBXNativeTarget;
			buildConfigurationList = 2A1E77531F384BFD006C84D4 /* Build configuration list for PBXNativeTarget "TheCloudLockTests" */;
			buildPhases = (
				EF8524DAF0330D69AECDEA89 /* [CP] Check Pods Manifest.lock */,
				2A1E77431F384BFD006C84D4 /* Sources */,
				2A1E77441F384BFD006C84D4 /* Frameworks */,
				2A1E77451F384BFD006C84D4 /* Resources */,
				09F3D4D84C80A6C54E0A9D8D /* [CP] Embed Pods Frameworks */,
			);
			buildRules = (
			);
			dependencies = (
				2A1E77491F384BFD006C84D4 /* PBXTargetDependency */,
			);
			name = TheCloudLockTests;
			productName = TheCloudLockTests;
			productReference = 2A1E77471F384BFD006C84D4 /* TheCloudLockTests.xctest */;
			productType = "com.apple.product-type.bundle.unit-test";
		};
/* End PBXNativeTarget section */

/* Begin PBXProject section */
		2A1E772B1F384BFC006C84D4 /* Project object */ = {
			isa = PBXProject;
			attributes = {
				LastSwiftUpdateCheck = 0900;
				LastUpgradeCheck = 0900;
				ORGANIZATIONNAME = AppCompany;
				TargetAttributes = {
					2A1E77321F384BFC006C84D4 = {
						CreatedOnToolsVersion = 9.0;
					};
					2A1E77461F384BFD006C84D4 = {
						CreatedOnToolsVersion = 9.0;
						LastSwiftMigration = 0900;
						TestTargetID = 2A1E77321F384BFC006C84D4;
					};
				};
			};
			buildConfigurationList = 2A1E772E1F384BFC006C84D4 /* Build configuration list for PBXProject "TheCloudLock" */;
			compatibilityVersion = "Xcode 8.0";
			developmentRegion = en;
			hasScannedForEncodings = 0;
			knownRegions = (
				en,
				Base,
			);
			mainGroup = 2A1E772A1F384BFC006C84D4;
			productRefGroup = 2A1E77341F384BFC006C84D4 /* Products */;
			projectDirPath = "";
			projectRoot = "";
			targets = (
				2A1E77321F384BFC006C84D4 /* TheCloudLock */,
				2A1E77461F384BFD006C84D4 /* TheCloudLockTests */,
			);
		};
/* End PBXProject section */

/* Begin PBXResourcesBuildPhase section */
		2A1E77311F384BFC006C84D4 /* Resources */ = {
			isa = PBXResourcesBuildPhase;
			buildActionMask = 2147483647;
			files = (
				2ABEE6D41F38856A00531205 /* Configuration.plist in Resources */,
				FCB2C7CB1F57127800481080 /* Localizable.strings in Resources */,
				2A1E77411F384BFD006C84D4 /* LaunchScreen.storyboard in Resources */,
				2A1E773E1F384BFD006C84D4 /* Assets.xcassets in Resources */,
			);
			runOnlyForDeploymentPostprocessing = 0;
		};
		2A1E77451F384BFD006C84D4 /* Resources */ = {
			isa = PBXResourcesBuildPhase;
			buildActionMask = 2147483647;
			files = (
			);
			runOnlyForDeploymentPostprocessing = 0;
		};
/* End PBXResourcesBuildPhase section */

/* Begin PBXShellScriptBuildPhase section */
		09F3D4D84C80A6C54E0A9D8D /* [CP] Embed Pods Frameworks */ = {
			isa = PBXShellScriptBuildPhase;
			buildActionMask = 2147483647;
			files = (
			);
			inputPaths = (
				"${PODS_ROOT}/Target Support Files/Pods-TheCloudLockTests/Pods-TheCloudLockTests-frameworks.sh",
				"${BUILT_PRODUCTS_DIR}/Nimble/Nimble.framework",
				"${BUILT_PRODUCTS_DIR}/Nimble-Snapshots/Nimble_Snapshots.framework",
				"${BUILT_PRODUCTS_DIR}/Quick/Quick.framework",
				"${BUILT_PRODUCTS_DIR}/iOSSnapshotTestCase/FBSnapshotTestCase.framework",
			);
			name = "[CP] Embed Pods Frameworks";
			outputPaths = (
				"${TARGET_BUILD_DIR}/${FRAMEWORKS_FOLDER_PATH}/Nimble.framework",
				"${TARGET_BUILD_DIR}/${FRAMEWORKS_FOLDER_PATH}/Nimble_Snapshots.framework",
				"${TARGET_BUILD_DIR}/${FRAMEWORKS_FOLDER_PATH}/Quick.framework",
				"${TARGET_BUILD_DIR}/${FRAMEWORKS_FOLDER_PATH}/FBSnapshotTestCase.framework",
			);
			runOnlyForDeploymentPostprocessing = 0;
			shellPath = /bin/sh;
			shellScript = "\"${PODS_ROOT}/Target Support Files/Pods-TheCloudLockTests/Pods-TheCloudLockTests-frameworks.sh\"\n";
			showEnvVarsInLog = 0;
		};
		553FC23A2140470C001D9362 /* R.swift */ = {
			isa = PBXShellScriptBuildPhase;
			buildActionMask = 2147483647;
			files = (
			);
			inputPaths = (
				"$TEMP_DIR/rswift-lastrun",
			);
			name = R.swift;
			outputPaths = (
				$SRCROOT/TheCloudLock/Resources/Generated/R.generated.swift,
			);
			runOnlyForDeploymentPostprocessing = 0;
			shellPath = /bin/sh;
			shellScript = "\"$PODS_ROOT/R.swift/rswift\" generate \"$SRCROOT/TheCloudLock/Resources/Generated/R.generated.swift\"\n";
		};
		9E958A48BFD3C791B1BD7E48 /* [CP] Check Pods Manifest.lock */ = {
			isa = PBXShellScriptBuildPhase;
			buildActionMask = 2147483647;
			files = (
			);
			inputFileListPaths = (
			);
			inputPaths = (
				"${PODS_PODFILE_DIR_PATH}/Podfile.lock",
				"${PODS_ROOT}/Manifest.lock",
			);
			name = "[CP] Check Pods Manifest.lock";
			outputFileListPaths = (
			);
			outputPaths = (
				"$(DERIVED_FILE_DIR)/Pods-TheCloudLock-checkManifestLockResult.txt",
			);
			runOnlyForDeploymentPostprocessing = 0;
			shellPath = /bin/sh;
			shellScript = "diff \"${PODS_PODFILE_DIR_PATH}/Podfile.lock\" \"${PODS_ROOT}/Manifest.lock\" > /dev/null\nif [ $? != 0 ] ; then\n    # print error to STDERR\n    echo \"error: The sandbox is not in sync with the Podfile.lock. Run 'pod install' or update your CocoaPods installation.\" >&2\n    exit 1\nfi\n# This output is used by Xcode 'outputs' to avoid re-running this script phase.\necho \"SUCCESS\" > \"${SCRIPT_OUTPUT_FILE_0}\"\n";
			showEnvVarsInLog = 0;
		};
		A4DC89234697C9E0DDA2FABD /* [CP] Embed Pods Frameworks */ = {
			isa = PBXShellScriptBuildPhase;
			buildActionMask = 2147483647;
			files = (
			);
			inputPaths = (
				"${PODS_ROOT}/Target Support Files/Pods-TheCloudLock/Pods-TheCloudLock-frameworks.sh",
				"${BUILT_PRODUCTS_DIR}/R.swift.Library/Rswift.framework",
				"${BUILT_PRODUCTS_DIR}/SnapKit/SnapKit.framework",
			);
			name = "[CP] Embed Pods Frameworks";
			outputPaths = (
				"${TARGET_BUILD_DIR}/${FRAMEWORKS_FOLDER_PATH}/Rswift.framework",
				"${TARGET_BUILD_DIR}/${FRAMEWORKS_FOLDER_PATH}/SnapKit.framework",
			);
			runOnlyForDeploymentPostprocessing = 0;
			shellPath = /bin/sh;
			shellScript = "\"${PODS_ROOT}/Target Support Files/Pods-TheCloudLock/Pods-TheCloudLock-frameworks.sh\"\n";
			showEnvVarsInLog = 0;
		};
		EF8524DAF0330D69AECDEA89 /* [CP] Check Pods Manifest.lock */ = {
			isa = PBXShellScriptBuildPhase;
			buildActionMask = 2147483647;
			files = (
			);
			inputFileListPaths = (
			);
			inputPaths = (
				"${PODS_PODFILE_DIR_PATH}/Podfile.lock",
				"${PODS_ROOT}/Manifest.lock",
			);
			name = "[CP] Check Pods Manifest.lock";
			outputFileListPaths = (
			);
			outputPaths = (
				"$(DERIVED_FILE_DIR)/Pods-TheCloudLockTests-checkManifestLockResult.txt",
			);
			runOnlyForDeploymentPostprocessing = 0;
			shellPath = /bin/sh;
			shellScript = "diff \"${PODS_PODFILE_DIR_PATH}/Podfile.lock\" \"${PODS_ROOT}/Manifest.lock\" > /dev/null\nif [ $? != 0 ] ; then\n    # print error to STDERR\n    echo \"error: The sandbox is not in sync with the Podfile.lock. Run 'pod install' or update your CocoaPods installation.\" >&2\n    exit 1\nfi\n# This output is used by Xcode 'outputs' to avoid re-running this script phase.\necho \"SUCCESS\" > \"${SCRIPT_OUTPUT_FILE_0}\"\n";
			showEnvVarsInLog = 0;
		};
		FC9CA61F1F83C1B700B8EB94 /* SwiftLint */ = {
			isa = PBXShellScriptBuildPhase;
			buildActionMask = 2147483647;
			files = (
			);
			inputPaths = (
			);
			name = SwiftLint;
			outputPaths = (
			);
			runOnlyForDeploymentPostprocessing = 0;
			shellPath = /bin/sh;
			shellScript = "${PODS_ROOT}/SwiftLint/swiftlint";
		};
/* End PBXShellScriptBuildPhase section */

/* Begin PBXSourcesBuildPhase section */
		2A1E772F1F384BFC006C84D4 /* Sources */ = {
			isa = PBXSourcesBuildPhase;
			buildActionMask = 2147483647;
			files = (
				2FBFB9B323DB87420015AF42 /* ListController.swift in Sources */,
				2F15FC3223DF4221000F5184 /* Server.swift in Sources */,
				2F24825A23D3D4D40043F5EE /* BaseNavigationController.swift in Sources */,
				2A9222821F38797600A648E6 /* ConfigurationManager.swift in Sources */,
				2F24825C23D3D8DD0043F5EE /* BaseTabbarController.swift in Sources */,
				2FBFB9B223DB87420015AF42 /* ListModels.swift in Sources */,
				2ABEE6D61F3886D700531205 /* RootRouter.swift in Sources */,
				2FBFB9B423DB87420015AF42 /* ListInteractor.swift in Sources */,
				2FBFB9BF23DCB0030015AF42 /* Item.swift in Sources */,
				2F24826523D3DD4A0043F5EE /* UnlockPresenter.swift in Sources */,
				2F24827623D4A3100043F5EE /* BaseViewController.swift in Sources */,
				C90395241FC622D2006F1DC0 /* main.swift in Sources */,
				2FBFB99623DA410F0015AF42 /* ErrorView.swift in Sources */,
				2F15FC0023DE1D6F000F5184 /* DetailWorker.swift in Sources */,
				2FBFB9B123DB87420015AF42 /* ListRouter.swift in Sources */,
				2F15FC3B23DF5FC6000F5184 /* CloudlockResult.swift in Sources */,
				2F15FBF323DE066F000F5184 /* DetailPresenter.swift in Sources */,
				2FB1745823DFC812001519BA /* ListEventViewCell.swift in Sources */,
				2F15FC3723DF4F7A000F5184 /* UnlockRouter.swift in Sources */,
				2FBFB9C123DCB55D0015AF42 /* ListTableView.swift in Sources */,
				2F15FBE723DD36E3000F5184 /* UIViewController+.swift in Sources */,
				2FBFB9C523DCF8870015AF42 /* Users.swift in Sources */,
				2F15FBF723DE066F000F5184 /* DetailController.swift in Sources */,
				2A1E77371F384BFC006C84D4 /* AppDelegate.swift in Sources */,
				2F24829723D8B3140043F5EE /* Doors.swift in Sources */,
				2F24828023D518A60043F5EE /* CustomLoadingView.swift in Sources */,
				2FB1745523DFB7BE001519BA /* Events.swift in Sources */,
				2FBFB99823DA70F30015AF42 /* StateTableViewController.swift in Sources */,
				2F24828223D518E50043F5EE /* UnlockViewStateLogic.swift in Sources */,
				2F24827323D3F4EC0043F5EE /* BaseView.swift in Sources */,
				2F24826F23D3E15A0043F5EE /* UnlockView.swift in Sources */,
				553FC23C214047CB001D9362 /* R.generated.swift in Sources */,
				2F24826A23D3DD4A0043F5EE /* UnlockInteractor.swift in Sources */,
				2F24828423D52C8D0043F5EE /* UIColor+.swift in Sources */,
				2F15FBF623DE066F000F5184 /* DetailModels.swift in Sources */,
				2F15FBEC23DDF27A000F5184 /* Credential.swift in Sources */,
				C90395271FC62425006F1DC0 /* TestsAppDelegate.swift in Sources */,
				2FBFB9AF23DB87420015AF42 /* ListPresenter.swift in Sources */,
				2FBFB99023D9FFFD0015AF42 /* Status.swift in Sources */,
				2F24827123D3F3CB0043F5EE /* ViewCode.swift in Sources */,
				2A1DD4E11F389E2100712195 /* NotificationsHandler.swift in Sources */,
				2A1DD4DF1F389C2200712195 /* DeeplinkHandler.swift in Sources */,
				2FBFB99323DA10150015AF42 /* ResultView.swift in Sources */,
				2F24826923D3DD4A0043F5EE /* UnlockController.swift in Sources */,
				2F2482A023D8FBB40043F5EE /* Identifiable.swift in Sources */,
				2FBFB9C723DCFACE0015AF42 /* ListTableViewCell.swift in Sources */,
				2F15FC3923DF5FA0000F5184 /* CloudlockProtocol.swift in Sources */,
				2F24827E23D518810043F5EE /* DoorView.swift in Sources */,
				2F15FBFE23DE1A18000F5184 /* DetailTableView.swift in Sources */,
				2F2482A823D9EFB40043F5EE /* UnlockViewEventsLogic.swift in Sources */,
				2F15FBE323DD1CE3000F5184 /* Responses.swift in Sources */,
				2F24826623D3DD4A0043F5EE /* DoorsWorker.swift in Sources */,
				2F24826823D3DD4A0043F5EE /* UnlockModels.swift in Sources */,
				2F15FBF823DE066F000F5184 /* DetailInteractor.swift in Sources */,
				2F15FBEA23DDEF20000F5184 /* CredentialsWorker.swift in Sources */,
				2F24829A23D8B72C0043F5EE /* CloudLockAPI.swift in Sources */,
				2F15FBF523DE066F000F5184 /* DetailRouter.swift in Sources */,
				2FBFB9B023DB87420015AF42 /* ListWorker.swift in Sources */,
			);
			runOnlyForDeploymentPostprocessing = 0;
		};
		2A1E77431F384BFD006C84D4 /* Sources */ = {
			isa = PBXSourcesBuildPhase;
			buildActionMask = 2147483647;
			files = (
				2F15FC2323DF11DD000F5184 /* ListWorkerTests.swift in Sources */,
				2F24828D23D7522E0043F5EE /* UnlockInteractorTests.swift in Sources */,
				2F24828C23D7522E0043F5EE /* UnlockViewControllerTests.swift in Sources */,
				2F15FC2E23DF1CE9000F5184 /* ResponseMockSpy.swift in Sources */,
				2F15FC2723DF166F000F5184 /* CloudLockAPIFake.swift in Sources */,
				2F24829123D784090043F5EE /* Seeds.swift in Sources */,
				C90395261FC62399006F1DC0 /* TestsAppDelegate.swift in Sources */,
				2F15FC2523DF13C2000F5184 /* CloudLockAPISpy.swift in Sources */,
				2F24828E23D7522E0043F5EE /* DoorsWorkerTests.swift in Sources */,
				2F15FC1523DE4DC6000F5184 /* ListPresenterTests.swift in Sources */,
				2F15FC2123DEA0CD000F5184 /* CloudLockAPIDummy.swift in Sources */,
				2F15FC3023DF21BE000F5184 /* StateTableViewTests.swift in Sources */,
				2F24828F23D7522E0043F5EE /* UnlockPresenterTests.swift in Sources */,
				2F15FC1223DE4DC6000F5184 /* ListViewControllerTests.swift in Sources */,
				2F15FC1C23DE9D23000F5184 /* DetailViewControllerTests.swift in Sources */,
				2F15FC1F23DE9D23000F5184 /* DetailPresenterTests.swift in Sources */,
				2F15FC3523DF437A000F5184 /* CloudLockAPITests.swift in Sources */,
				2F15FC1323DE4DC6000F5184 /* ListInteractorTests.swift in Sources */,
				2F2482A623D9ECEC0043F5EE /* CloudLockResult+.swift in Sources */,
				2F15FC2923DF17C9000F5184 /* DetailWorkerTests.swift in Sources */,
				2F15FC1D23DE9D23000F5184 /* DetailInteractorTests.swift in Sources */,
			);
			runOnlyForDeploymentPostprocessing = 0;
		};
/* End PBXSourcesBuildPhase section */

/* Begin PBXTargetDependency section */
		2A1E77491F384BFD006C84D4 /* PBXTargetDependency */ = {
			isa = PBXTargetDependency;
			target = 2A1E77321F384BFC006C84D4 /* TheCloudLock */;
			targetProxy = 2A1E77481F384BFD006C84D4 /* PBXContainerItemProxy */;
		};
/* End PBXTargetDependency section */

/* Begin PBXVariantGroup section */
		2A1E773F1F384BFD006C84D4 /* LaunchScreen.storyboard */ = {
			isa = PBXVariantGroup;
			children = (
				2A1E77401F384BFD006C84D4 /* Base */,
			);
			name = LaunchScreen.storyboard;
			sourceTree = "<group>";
		};
/* End PBXVariantGroup section */

/* Begin XCBuildConfiguration section */
		2A1E774E1F384BFD006C84D4 /* Debug */ = {
			isa = XCBuildConfiguration;
			buildSettings = {
				ALWAYS_SEARCH_USER_PATHS = NO;
				CLANG_ANALYZER_NONNULL = YES;
				CLANG_ANALYZER_NUMBER_OBJECT_CONVERSION = YES_AGGRESSIVE;
				CLANG_CXX_LANGUAGE_STANDARD = "gnu++14";
				CLANG_CXX_LIBRARY = "libc++";
				CLANG_ENABLE_MODULES = YES;
				CLANG_ENABLE_OBJC_ARC = YES;
				CLANG_WARN_BLOCK_CAPTURE_AUTORELEASING = YES;
				CLANG_WARN_BOOL_CONVERSION = YES;
				CLANG_WARN_COMMA = YES;
				CLANG_WARN_CONSTANT_CONVERSION = YES;
				CLANG_WARN_DEPRECATED_OBJC_IMPLEMENTATIONS = YES;
				CLANG_WARN_DIRECT_OBJC_ISA_USAGE = YES_ERROR;
				CLANG_WARN_DOCUMENTATION_COMMENTS = YES;
				CLANG_WARN_EMPTY_BODY = YES;
				CLANG_WARN_ENUM_CONVERSION = YES;
				CLANG_WARN_INFINITE_RECURSION = YES;
				CLANG_WARN_INT_CONVERSION = YES;
				CLANG_WARN_NON_LITERAL_NULL_CONVERSION = YES;
				CLANG_WARN_OBJC_IMPLICIT_RETAIN_SELF = YES;
				CLANG_WARN_OBJC_LITERAL_CONVERSION = YES;
				CLANG_WARN_OBJC_ROOT_CLASS = YES_ERROR;
				CLANG_WARN_RANGE_LOOP_ANALYSIS = YES;
				CLANG_WARN_STRICT_PROTOTYPES = YES;
				CLANG_WARN_SUSPICIOUS_MOVE = YES;
				CLANG_WARN_UNGUARDED_AVAILABILITY = YES_AGGRESSIVE;
				CLANG_WARN_UNREACHABLE_CODE = YES;
				CLANG_WARN__DUPLICATE_METHOD_MATCH = YES;
				CODE_SIGN_IDENTITY = "iPhone Developer";
				COPY_PHASE_STRIP = NO;
				DEBUG_INFORMATION_FORMAT = dwarf;
				ENABLE_STRICT_OBJC_MSGSEND = YES;
				ENABLE_TESTABILITY = YES;
				GCC_C_LANGUAGE_STANDARD = gnu11;
				GCC_DYNAMIC_NO_PIC = NO;
				GCC_NO_COMMON_BLOCKS = YES;
				GCC_OPTIMIZATION_LEVEL = 0;
				GCC_PREPROCESSOR_DEFINITIONS = (
					"DEBUG=1",
					"$(inherited)",
				);
				GCC_WARN_64_TO_32_BIT_CONVERSION = YES;
				GCC_WARN_ABOUT_RETURN_TYPE = YES_ERROR;
				GCC_WARN_UNDECLARED_SELECTOR = YES;
				GCC_WARN_UNINITIALIZED_AUTOS = YES_AGGRESSIVE;
				GCC_WARN_UNUSED_FUNCTION = YES;
				GCC_WARN_UNUSED_VARIABLE = YES;
				IPHONEOS_DEPLOYMENT_TARGET = 11.0;
				MTL_ENABLE_DEBUG_INFO = YES;
				ONLY_ACTIVE_ARCH = YES;
				SDKROOT = iphoneos;
				SWIFT_ACTIVE_COMPILATION_CONDITIONS = DEBUG;
				SWIFT_OPTIMIZATION_LEVEL = "-Onone";
				SWIFT_VERSION = 5.0;
			};
			name = Debug;
		};
		2A1E774F1F384BFD006C84D4 /* Release */ = {
			isa = XCBuildConfiguration;
			buildSettings = {
				ALWAYS_SEARCH_USER_PATHS = NO;
				CLANG_ANALYZER_NONNULL = YES;
				CLANG_ANALYZER_NUMBER_OBJECT_CONVERSION = YES_AGGRESSIVE;
				CLANG_CXX_LANGUAGE_STANDARD = "gnu++14";
				CLANG_CXX_LIBRARY = "libc++";
				CLANG_ENABLE_MODULES = YES;
				CLANG_ENABLE_OBJC_ARC = YES;
				CLANG_WARN_BLOCK_CAPTURE_AUTORELEASING = YES;
				CLANG_WARN_BOOL_CONVERSION = YES;
				CLANG_WARN_COMMA = YES;
				CLANG_WARN_CONSTANT_CONVERSION = YES;
				CLANG_WARN_DEPRECATED_OBJC_IMPLEMENTATIONS = YES;
				CLANG_WARN_DIRECT_OBJC_ISA_USAGE = YES_ERROR;
				CLANG_WARN_DOCUMENTATION_COMMENTS = YES;
				CLANG_WARN_EMPTY_BODY = YES;
				CLANG_WARN_ENUM_CONVERSION = YES;
				CLANG_WARN_INFINITE_RECURSION = YES;
				CLANG_WARN_INT_CONVERSION = YES;
				CLANG_WARN_NON_LITERAL_NULL_CONVERSION = YES;
				CLANG_WARN_OBJC_IMPLICIT_RETAIN_SELF = YES;
				CLANG_WARN_OBJC_LITERAL_CONVERSION = YES;
				CLANG_WARN_OBJC_ROOT_CLASS = YES_ERROR;
				CLANG_WARN_RANGE_LOOP_ANALYSIS = YES;
				CLANG_WARN_STRICT_PROTOTYPES = YES;
				CLANG_WARN_SUSPICIOUS_MOVE = YES;
				CLANG_WARN_UNGUARDED_AVAILABILITY = YES_AGGRESSIVE;
				CLANG_WARN_UNREACHABLE_CODE = YES;
				CLANG_WARN__DUPLICATE_METHOD_MATCH = YES;
				CODE_SIGN_IDENTITY = "iPhone Developer";
				COPY_PHASE_STRIP = NO;
				DEBUG_INFORMATION_FORMAT = "dwarf-with-dsym";
				ENABLE_NS_ASSERTIONS = NO;
				ENABLE_STRICT_OBJC_MSGSEND = YES;
				GCC_C_LANGUAGE_STANDARD = gnu11;
				GCC_NO_COMMON_BLOCKS = YES;
				GCC_WARN_64_TO_32_BIT_CONVERSION = YES;
				GCC_WARN_ABOUT_RETURN_TYPE = YES_ERROR;
				GCC_WARN_UNDECLARED_SELECTOR = YES;
				GCC_WARN_UNINITIALIZED_AUTOS = YES_AGGRESSIVE;
				GCC_WARN_UNUSED_FUNCTION = YES;
				GCC_WARN_UNUSED_VARIABLE = YES;
				IPHONEOS_DEPLOYMENT_TARGET = 11.0;
				MTL_ENABLE_DEBUG_INFO = NO;
				SDKROOT = iphoneos;
				SWIFT_OPTIMIZATION_LEVEL = "-Owholemodule";
				SWIFT_VERSION = 5.0;
				VALIDATE_PRODUCT = YES;
			};
			name = Release;
		};
		2A1E77511F384BFD006C84D4 /* Debug */ = {
			isa = XCBuildConfiguration;
			baseConfigurationReference = BF4C378618A73FF033C72E2B /* Pods-TheCloudLock.debug.xcconfig */;
			buildSettings = {
				ASSETCATALOG_COMPILER_APPICON_NAME = AppIcon;
				INFOPLIST_FILE = TheCloudLock/SupportingFiles/Info.plist;
				IPHONEOS_DEPLOYMENT_TARGET = 13.0;
				LD_RUNPATH_SEARCH_PATHS = "$(inherited) @executable_path/Frameworks";
				OTHER_SWIFT_FLAGS = "$(inherited) -Xfrontend -warn-long-expression-type-checking=500";
				PRODUCT_BUNDLE_IDENTIFIER = your.bundle.id;
				PRODUCT_NAME = "$(TARGET_NAME)";
				SWIFT_VERSION = 5.0;
				TARGETED_DEVICE_FAMILY = "1,2";
			};
			name = Debug;
		};
		2A1E77521F384BFD006C84D4 /* Release */ = {
			isa = XCBuildConfiguration;
			baseConfigurationReference = 582550F0B19592CD8943D97A /* Pods-TheCloudLock.release.xcconfig */;
			buildSettings = {
				ASSETCATALOG_COMPILER_APPICON_NAME = AppIcon;
				INFOPLIST_FILE = TheCloudLock/SupportingFiles/Info.plist;
				IPHONEOS_DEPLOYMENT_TARGET = 13.0;
				LD_RUNPATH_SEARCH_PATHS = "$(inherited) @executable_path/Frameworks";
				OTHER_SWIFT_FLAGS = "$(inherited)";
				PRODUCT_BUNDLE_IDENTIFIER = your.bundle.id;
				PRODUCT_NAME = "$(TARGET_NAME)";
				SWIFT_VERSION = 5.0;
				TARGETED_DEVICE_FAMILY = "1,2";
			};
			name = Release;
		};
		2A1E77541F384BFD006C84D4 /* Debug */ = {
			isa = XCBuildConfiguration;
			baseConfigurationReference = 78DB01ED95907AC7A045DE05 /* Pods-TheCloudLockTests.debug.xcconfig */;
			buildSettings = {
				ALWAYS_EMBED_SWIFT_STANDARD_LIBRARIES = "$(inherited)";
				BUNDLE_LOADER = "$(TEST_HOST)";
				CLANG_ENABLE_MODULES = YES;
				INFOPLIST_FILE = TheCloudLockTests/Info.plist;
				IPHONEOS_DEPLOYMENT_TARGET = 13.0;
				LD_RUNPATH_SEARCH_PATHS = "$(inherited) @executable_path/Frameworks @loader_path/Frameworks";
				PRODUCT_BUNDLE_IDENTIFIER = "";
				PRODUCT_NAME = "$(TARGET_NAME)";
				SWIFT_OBJC_BRIDGING_HEADER = "TheCloudLockTests/TheCloudLockTests-Bridging-Header.h";
				SWIFT_OPTIMIZATION_LEVEL = "-Onone";
				SWIFT_VERSION = 5.0;
				TARGETED_DEVICE_FAMILY = "1,2";
				TEST_HOST = "$(BUILT_PRODUCTS_DIR)/TheCloudLock.app/TheCloudLock";
			};
			name = Debug;
		};
		2A1E77551F384BFD006C84D4 /* Release */ = {
			isa = XCBuildConfiguration;
			baseConfigurationReference = 992723821A2F6E6486A4CEFD /* Pods-TheCloudLockTests.release.xcconfig */;
			buildSettings = {
				ALWAYS_EMBED_SWIFT_STANDARD_LIBRARIES = "$(inherited)";
				BUNDLE_LOADER = "$(TEST_HOST)";
				CLANG_ENABLE_MODULES = YES;
				INFOPLIST_FILE = TheCloudLockTests/Info.plist;
				IPHONEOS_DEPLOYMENT_TARGET = 13.0;
				LD_RUNPATH_SEARCH_PATHS = "$(inherited) @executable_path/Frameworks @loader_path/Frameworks";
				PRODUCT_BUNDLE_IDENTIFIER = "";
				PRODUCT_NAME = "$(TARGET_NAME)";
				SWIFT_OBJC_BRIDGING_HEADER = "TheCloudLockTests/TheCloudLockTests-Bridging-Header.h";
				SWIFT_VERSION = 5.0;
				TARGETED_DEVICE_FAMILY = "1,2";
				TEST_HOST = "$(BUILT_PRODUCTS_DIR)/TheCloudLock.app/TheCloudLock";
			};
			name = Release;
		};
		2ABEE6CF1F387C5D00531205 /* Staging */ = {
			isa = XCBuildConfiguration;
			buildSettings = {
				ALWAYS_SEARCH_USER_PATHS = NO;
				CLANG_ANALYZER_NONNULL = YES;
				CLANG_ANALYZER_NUMBER_OBJECT_CONVERSION = YES_AGGRESSIVE;
				CLANG_CXX_LANGUAGE_STANDARD = "gnu++14";
				CLANG_CXX_LIBRARY = "libc++";
				CLANG_ENABLE_MODULES = YES;
				CLANG_ENABLE_OBJC_ARC = YES;
				CLANG_WARN_BLOCK_CAPTURE_AUTORELEASING = YES;
				CLANG_WARN_BOOL_CONVERSION = YES;
				CLANG_WARN_COMMA = YES;
				CLANG_WARN_CONSTANT_CONVERSION = YES;
				CLANG_WARN_DEPRECATED_OBJC_IMPLEMENTATIONS = YES;
				CLANG_WARN_DIRECT_OBJC_ISA_USAGE = YES_ERROR;
				CLANG_WARN_DOCUMENTATION_COMMENTS = YES;
				CLANG_WARN_EMPTY_BODY = YES;
				CLANG_WARN_ENUM_CONVERSION = YES;
				CLANG_WARN_INFINITE_RECURSION = YES;
				CLANG_WARN_INT_CONVERSION = YES;
				CLANG_WARN_NON_LITERAL_NULL_CONVERSION = YES;
				CLANG_WARN_OBJC_IMPLICIT_RETAIN_SELF = YES;
				CLANG_WARN_OBJC_LITERAL_CONVERSION = YES;
				CLANG_WARN_OBJC_ROOT_CLASS = YES_ERROR;
				CLANG_WARN_RANGE_LOOP_ANALYSIS = YES;
				CLANG_WARN_STRICT_PROTOTYPES = YES;
				CLANG_WARN_SUSPICIOUS_MOVE = YES;
				CLANG_WARN_UNGUARDED_AVAILABILITY = YES_AGGRESSIVE;
				CLANG_WARN_UNREACHABLE_CODE = YES;
				CLANG_WARN__DUPLICATE_METHOD_MATCH = YES;
				CODE_SIGN_IDENTITY = "iPhone Developer";
				COPY_PHASE_STRIP = NO;
				DEBUG_INFORMATION_FORMAT = dwarf;
				ENABLE_STRICT_OBJC_MSGSEND = YES;
				ENABLE_TESTABILITY = YES;
				GCC_C_LANGUAGE_STANDARD = gnu11;
				GCC_DYNAMIC_NO_PIC = NO;
				GCC_NO_COMMON_BLOCKS = YES;
				GCC_OPTIMIZATION_LEVEL = 0;
				GCC_PREPROCESSOR_DEFINITIONS = (
					"DEBUG=1",
					"$(inherited)",
				);
				GCC_WARN_64_TO_32_BIT_CONVERSION = YES;
				GCC_WARN_ABOUT_RETURN_TYPE = YES_ERROR;
				GCC_WARN_UNDECLARED_SELECTOR = YES;
				GCC_WARN_UNINITIALIZED_AUTOS = YES_AGGRESSIVE;
				GCC_WARN_UNUSED_FUNCTION = YES;
				GCC_WARN_UNUSED_VARIABLE = YES;
				IPHONEOS_DEPLOYMENT_TARGET = 11.0;
				MTL_ENABLE_DEBUG_INFO = YES;
				ONLY_ACTIVE_ARCH = YES;
				SDKROOT = iphoneos;
				SWIFT_ACTIVE_COMPILATION_CONDITIONS = DEBUG;
				SWIFT_OPTIMIZATION_LEVEL = "-Onone";
				SWIFT_VERSION = 5.0;
			};
			name = Staging;
		};
		2ABEE6D01F387C5D00531205 /* Staging */ = {
			isa = XCBuildConfiguration;
			baseConfigurationReference = D800E0E1834929157785B2A1 /* Pods-TheCloudLock.staging.xcconfig */;
			buildSettings = {
				ASSETCATALOG_COMPILER_APPICON_NAME = AppIcon;
				INFOPLIST_FILE = TheCloudLock/SupportingFiles/Info.plist;
				IPHONEOS_DEPLOYMENT_TARGET = 13.0;
				LD_RUNPATH_SEARCH_PATHS = "$(inherited) @executable_path/Frameworks";
				OTHER_SWIFT_FLAGS = "$(inherited)";
				PRODUCT_BUNDLE_IDENTIFIER = your.bundle.id;
				PRODUCT_NAME = "$(TARGET_NAME)";
				SWIFT_VERSION = 5.0;
				TARGETED_DEVICE_FAMILY = "1,2";
			};
			name = Staging;
		};
		2ABEE6D11F387C5D00531205 /* Staging */ = {
			isa = XCBuildConfiguration;
			baseConfigurationReference = E1F4CE0AF1497ED9F026ECA1 /* Pods-TheCloudLockTests.staging.xcconfig */;
			buildSettings = {
				ALWAYS_EMBED_SWIFT_STANDARD_LIBRARIES = "$(inherited)";
				BUNDLE_LOADER = "$(TEST_HOST)";
				CLANG_ENABLE_MODULES = YES;
				INFOPLIST_FILE = TheCloudLockTests/Info.plist;
				IPHONEOS_DEPLOYMENT_TARGET = 13.0;
				LD_RUNPATH_SEARCH_PATHS = "$(inherited) @executable_path/Frameworks @loader_path/Frameworks";
				PRODUCT_BUNDLE_IDENTIFIER = "";
				PRODUCT_NAME = "$(TARGET_NAME)";
				SWIFT_OBJC_BRIDGING_HEADER = "TheCloudLockTests/TheCloudLockTests-Bridging-Header.h";
				SWIFT_OPTIMIZATION_LEVEL = "-Onone";
				SWIFT_VERSION = 5.0;
				TARGETED_DEVICE_FAMILY = "1,2";
				TEST_HOST = "$(BUILT_PRODUCTS_DIR)/TheCloudLock.app/TheCloudLock";
			};
			name = Staging;
		};
/* End XCBuildConfiguration section */

/* Begin XCConfigurationList section */
		2A1E772E1F384BFC006C84D4 /* Build configuration list for PBXProject "TheCloudLock" */ = {
			isa = XCConfigurationList;
			buildConfigurations = (
				2A1E774E1F384BFD006C84D4 /* Debug */,
				2ABEE6CF1F387C5D00531205 /* Staging */,
				2A1E774F1F384BFD006C84D4 /* Release */,
			);
			defaultConfigurationIsVisible = 0;
			defaultConfigurationName = Release;
		};
		2A1E77501F384BFD006C84D4 /* Build configuration list for PBXNativeTarget "TheCloudLock" */ = {
			isa = XCConfigurationList;
			buildConfigurations = (
				2A1E77511F384BFD006C84D4 /* Debug */,
				2ABEE6D01F387C5D00531205 /* Staging */,
				2A1E77521F384BFD006C84D4 /* Release */,
			);
			defaultConfigurationIsVisible = 0;
			defaultConfigurationName = Release;
		};
		2A1E77531F384BFD006C84D4 /* Build configuration list for PBXNativeTarget "TheCloudLockTests" */ = {
			isa = XCConfigurationList;
			buildConfigurations = (
				2A1E77541F384BFD006C84D4 /* Debug */,
				2ABEE6D11F387C5D00531205 /* Staging */,
				2A1E77551F384BFD006C84D4 /* Release */,
			);
			defaultConfigurationIsVisible = 0;
			defaultConfigurationName = Release;
		};
/* End XCConfigurationList section */
	};
	rootObject = 2A1E772B1F384BFC006C84D4 /* Project object */;
}
